<?xml version="1.0" encoding="UTF-8" standalone="yes" ?>
<CodeBlocks_project_file>
	<FileVersion major="1" minor="6" />
	<Project>
		<Option title="bowltrack" />
		<Option pch_mode="2" />
		<Option compiler="gcc" />
		<Build>
			<Target title="Debug">
				<Option output="bin/Debug/bowltrack" prefix_auto="1" extension_auto="1" />
				<Option object_output="obj/Debug/" />
				<Option type="1" />
				<Option compiler="gcc" />
				<Compiler>
					<Add option="-g" />
				</Compiler>
			</Target>
			<Target title="Release">
				<Option output="bin/Release/bowltrack" prefix_auto="1" extension_auto="1" />
				<Option object_output="obj/Release/" />
				<Option type="0" />
				<Option compiler="gcc" />
				<Compiler>
					<Add option="-O2" />
				</Compiler>
				<Linker>
					<Add option="-s" />
				</Linker>
			</Target>
		</Build>
		<Compiler>
			<Add option="-Wall" />
			<Add option="-Ic:/mingw/include/SDL2" />
			<Add option="-Lc:/mingw/lib" />
		</Compiler>
		<Linker>
			<Add library="mingw32" />
			<Add library="SDL2main" />
			<Add library="SDL2" />
			<Add library="SDL2_image" />
		</Linker>
		<Unit filename="bowl.c">
			<Option compilerVar="CC" />
		</Unit>
		<Unit filename="bowl.h" />
		<Unit filename="export.c">
			<Option compilerVar="CC" />
		</Unit>
		<Unit filename="export.h" />
		<Unit filename="main.c">
			<Option compilerVar="CC" />
		</Unit>
		<Unit filename="map.c">
			<Option compilerVar="CC" />
		</Unit>
		<Unit filename="map.h" />
		<Unit filename="render.c">
			<Option compilerVar="CC" />
		</Unit>
		<Unit filename="render.h" />
		<Extensions>
			<code_completion>
				<search_path add="C:\MinGW\include\SDL2" />
			</code_completion>
			<envvars />
			<debugger />
			<lib_finder disable_auto="1">
				<lib name="SDL2" />
				<lib name="SDL2_image" />
			</lib_finder>
		</Extensions>
	</Project>
</CodeBlocks_project_file>
